// !$*UTF8*$!
{
	archiveVersion = 1;
	classes = {
	};
	objectVersion = 56;
	objects = {

/* Begin PBXBuildFile section */
		7C4B08A72B13A74B00C00BD6 /* AppDelegate.swift in Sources */ = {isa = PBXBuildFile; fileRef = 7C4B08A62B13A74B00C00BD6 /* AppDelegate.swift */; };
		7C4B08AB2B13A74B00C00BD6 /* ViewController.swift in Sources */ = {isa = PBXBuildFile; fileRef = 7C4B08AA2B13A74B00C00BD6 /* ViewController.swift */; };
		7C4B08B12B13A74B00C00BD6 /* TableViewCoreDataMVP.xcdatamodeld in Sources */ = {isa = PBXBuildFile; fileRef = 7C4B08AF2B13A74B00C00BD6 /* TableViewCoreDataMVP.xcdatamodeld */; };
		7C4B08B32B13A74C00C00BD6 /* Assets.xcassets in Resources */ = {isa = PBXBuildFile; fileRef = 7C4B08B22B13A74C00C00BD6 /* Assets.xcassets */; };
		7C4B08B62B13A74C00C00BD6 /* LaunchScreen.storyboard in Resources */ = {isa = PBXBuildFile; fileRef = 7C4B08B42B13A74C00C00BD6 /* LaunchScreen.storyboard */; };
		7C4B08C72B13A9BE00C00BD6 /* CoreDataManager.swift in Sources */ = {isa = PBXBuildFile; fileRef = 7C4B08C62B13A9BE00C00BD6 /* CoreDataManager.swift */; };
		7C4B08CE2B13B52200C00BD6 /* DetailViewController.swift in Sources */ = {isa = PBXBuildFile; fileRef = 7C4B08CD2B13B52200C00BD6 /* DetailViewController.swift */; };
		7C4B08D12B152AC600C00BD6 /* TextField+Ext.swift in Sources */ = {isa = PBXBuildFile; fileRef = 7C4B08D02B152AC600C00BD6 /* TextField+Ext.swift */; };
		7C4B08D32B152AFA00C00BD6 /* UIViewConroller+Ext.swift in Sources */ = {isa = PBXBuildFile; fileRef = 7C4B08D22B152AFA00C00BD6 /* UIViewConroller+Ext.swift */; };
		7C4B08D62B152C9A00C00BD6 /* DetailPresenter.swift in Sources */ = {isa = PBXBuildFile; fileRef = 7C4B08D52B152C9A00C00BD6 /* DetailPresenter.swift */; };
		7C4B08D82B1772A000C00BD6 /* SceneDelegate.swift in Sources */ = {isa = PBXBuildFile; fileRef = 7C4B08D72B1772A000C00BD6 /* SceneDelegate.swift */; };
		7C4B08DA2B17E4D100C00BD6 /* DependencyFactory.swift in Sources */ = {isa = PBXBuildFile; fileRef = 7C4B08D92B17E4D100C00BD6 /* DependencyFactory.swift */; };
		7C4B08DC2B17E6D200C00BD6 /* AbstractCoordinator.swift in Sources */ = {isa = PBXBuildFile; fileRef = 7C4B08DB2B17E6D200C00BD6 /* AbstractCoordinator.swift */; };
		7C4B08DE2B17E72800C00BD6 /* RootCoordinator.swift in Sources */ = {isa = PBXBuildFile; fileRef = 7C4B08DD2B17E72800C00BD6 /* RootCoordinator.swift */; };
		7C4B08E02B17E78B00C00BD6 /* ProjectCoordinator.swift in Sources */ = {isa = PBXBuildFile; fileRef = 7C4B08DF2B17E78B00C00BD6 /* ProjectCoordinator.swift */; };
		7C4B08E22B17E8F400C00BD6 /* MainPresenter.swift in Sources */ = {isa = PBXBuildFile; fileRef = 7C4B08E12B17E8F400C00BD6 /* MainPresenter.swift */; };
/* End PBXBuildFile section */

/* Begin PBXFileReference section */
		7C4B08A32B13A74B00C00BD6 /* TableViewCoreDataMVP.app */ = {isa = PBXFileReference; explicitFileType = wrapper.application; includeInIndex = 0; path = TableViewCoreDataMVP.app; sourceTree = BUILT_PRODUCTS_DIR; };
		7C4B08A62B13A74B00C00BD6 /* AppDelegate.swift */ = {isa = PBXFileReference; lastKnownFileType = sourcecode.swift; path = AppDelegate.swift; sourceTree = "<group>"; };
		7C4B08AA2B13A74B00C00BD6 /* ViewController.swift */ = {isa = PBXFileReference; lastKnownFileType = sourcecode.swift; path = ViewController.swift; sourceTree = "<group>"; };
		7C4B08B02B13A74B00C00BD6 /* TableViewCoreDataMVP.xcdatamodel */ = {isa = PBXFileReference; lastKnownFileType = wrapper.xcdatamodel; path = TableViewCoreDataMVP.xcdatamodel; sourceTree = "<group>"; };
		7C4B08B22B13A74C00C00BD6 /* Assets.xcassets */ = {isa = PBXFileReference; lastKnownFileType = folder.assetcatalog; path = Assets.xcassets; sourceTree = "<group>"; };
		7C4B08B52B13A74C00C00BD6 /* Base */ = {isa = PBXFileReference; lastKnownFileType = file.storyboard; name = Base; path = Base.lproj/LaunchScreen.storyboard; sourceTree = "<group>"; };
		7C4B08B72B13A74C00C00BD6 /* Info.plist */ = {isa = PBXFileReference; lastKnownFileType = text.plist.xml; path = Info.plist; sourceTree = "<group>"; };
		7C4B08C62B13A9BE00C00BD6 /* CoreDataManager.swift */ = {isa = PBXFileReference; lastKnownFileType = sourcecode.swift; path = CoreDataManager.swift; sourceTree = "<group>"; };
		7C4B08CD2B13B52200C00BD6 /* DetailViewController.swift */ = {isa = PBXFileReference; lastKnownFileType = sourcecode.swift; path = DetailViewController.swift; sourceTree = "<group>"; };
		7C4B08D02B152AC600C00BD6 /* TextField+Ext.swift */ = {isa = PBXFileReference; lastKnownFileType = sourcecode.swift; path = "TextField+Ext.swift"; sourceTree = "<group>"; };
		7C4B08D22B152AFA00C00BD6 /* UIViewConroller+Ext.swift */ = {isa = PBXFileReference; lastKnownFileType = sourcecode.swift; path = "UIViewConroller+Ext.swift"; sourceTree = "<group>"; };
		7C4B08D52B152C9A00C00BD6 /* DetailPresenter.swift */ = {isa = PBXFileReference; lastKnownFileType = sourcecode.swift; path = DetailPresenter.swift; sourceTree = "<group>"; };
		7C4B08D72B1772A000C00BD6 /* SceneDelegate.swift */ = {isa = PBXFileReference; lastKnownFileType = sourcecode.swift; path = SceneDelegate.swift; sourceTree = "<group>"; };
		7C4B08D92B17E4D100C00BD6 /* DependencyFactory.swift */ = {isa = PBXFileReference; lastKnownFileType = sourcecode.swift; path = DependencyFactory.swift; sourceTree = "<group>"; };
		7C4B08DB2B17E6D200C00BD6 /* AbstractCoordinator.swift */ = {isa = PBXFileReference; lastKnownFileType = sourcecode.swift; path = AbstractCoordinator.swift; sourceTree = "<group>"; };
		7C4B08DD2B17E72800C00BD6 /* RootCoordinator.swift */ = {isa = PBXFileReference; lastKnownFileType = sourcecode.swift; path = RootCoordinator.swift; sourceTree = "<group>"; };
		7C4B08DF2B17E78B00C00BD6 /* ProjectCoordinator.swift */ = {isa = PBXFileReference; lastKnownFileType = sourcecode.swift; path = ProjectCoordinator.swift; sourceTree = "<group>"; };
		7C4B08E12B17E8F400C00BD6 /* MainPresenter.swift */ = {isa = PBXFileReference; lastKnownFileType = sourcecode.swift; path = MainPresenter.swift; sourceTree = "<group>"; };
/* End PBXFileReference section */

/* Begin PBXFrameworksBuildPhase section */
		7C4B08A02B13A74B00C00BD6 /* Frameworks */ = {
			isa = PBXFrameworksBuildPhase;
			buildActionMask = 2147483647;
			files = (
			);
			runOnlyForDeploymentPostprocessing = 0;
		};
/* End PBXFrameworksBuildPhase section */

/* Begin PBXGroup section */
		7C4B089A2B13A74B00C00BD6 = {
			isa = PBXGroup;
			children = (
				7C4B08A52B13A74B00C00BD6 /* TableViewCoreDataMVP */,
				7C4B08A42B13A74B00C00BD6 /* Products */,
			);
			sourceTree = "<group>";
		};
		7C4B08A42B13A74B00C00BD6 /* Products */ = {
			isa = PBXGroup;
			children = (
				7C4B08A32B13A74B00C00BD6 /* TableViewCoreDataMVP.app */,
			);
			name = Products;
			sourceTree = "<group>";
		};
		7C4B08A52B13A74B00C00BD6 /* TableViewCoreDataMVP */ = {
			isa = PBXGroup;
			children = (
				7C4B08BE2B13A8DB00C00BD6 /* Sources */,
				7C4B08CF2B152A9500C00BD6 /* Extensions */,
				7C4B08BD2B13A8B800C00BD6 /* Resources */,
				7C4B08AF2B13A74B00C00BD6 /* TableViewCoreDataMVP.xcdatamodeld */,
			);
			path = TableViewCoreDataMVP;
			sourceTree = "<group>";
		};
		7C4B08BD2B13A8B800C00BD6 /* Resources */ = {
			isa = PBXGroup;
			children = (
				7C4B08B22B13A74C00C00BD6 /* Assets.xcassets */,
				7C4B08B42B13A74C00C00BD6 /* LaunchScreen.storyboard */,
				7C4B08B72B13A74C00C00BD6 /* Info.plist */,
			);
			path = Resources;
			sourceTree = "<group>";
		};
		7C4B08BE2B13A8DB00C00BD6 /* Sources */ = {
			isa = PBXGroup;
			children = (
				7C4B08BF2B13A90F00C00BD6 /* App */,
				7C4B08C52B13A9A900C00BD6 /* Core */,
				7C4B08C02B13A95700C00BD6 /* MainModul */,
				7C4B08CC2B13B4DC00C00BD6 /* DetailModul */,
			);
			path = Sources;
			sourceTree = "<group>";
		};
		7C4B08BF2B13A90F00C00BD6 /* App */ = {
			isa = PBXGroup;
			children = (
				7C4B08A62B13A74B00C00BD6 /* AppDelegate.swift */,
				7C4B08D72B1772A000C00BD6 /* SceneDelegate.swift */,
				7C4B08E52B1A119B00C00BD6 /* Factory */,
				7C4B08E62B1A11B400C00BD6 /* Coordinator */,
			);
			path = App;
			sourceTree = "<group>";
		};
		7C4B08C02B13A95700C00BD6 /* MainModul */ = {
			isa = PBXGroup;
			children = (
				7C4B08C12B13A96700C00BD6 /* View */,
				7C4B08C42B13A99800C00BD6 /* Presenter */,
			);
			path = MainModul;
			sourceTree = "<group>";
		};
		7C4B08C12B13A96700C00BD6 /* View */ = {
			isa = PBXGroup;
			children = (
				7C4B08AA2B13A74B00C00BD6 /* ViewController.swift */,
			);
			path = View;
			sourceTree = "<group>";
		};
		7C4B08C42B13A99800C00BD6 /* Presenter */ = {
			isa = PBXGroup;
			children = (
				7C4B08E12B17E8F400C00BD6 /* MainPresenter.swift */,
			);
			path = Presenter;
			sourceTree = "<group>";
		};
		7C4B08C52B13A9A900C00BD6 /* Core */ = {
			isa = PBXGroup;
			children = (
				7C4B08C62B13A9BE00C00BD6 /* CoreDataManager.swift */,
			);
			path = Core;
			sourceTree = "<group>";
		};
		7C4B08CC2B13B4DC00C00BD6 /* DetailModul */ = {
			isa = PBXGroup;
			children = (
				7C4B08CD2B13B52200C00BD6 /* DetailViewController.swift */,
				7C4B08D42B152C7E00C00BD6 /* DetailPresenter */,
			);
			path = DetailModul;
			sourceTree = "<group>";
		};
		7C4B08CF2B152A9500C00BD6 /* Extensions */ = {
			isa = PBXGroup;
			children = (
				7C4B08D02B152AC600C00BD6 /* TextField+Ext.swift */,
				7C4B08D22B152AFA00C00BD6 /* UIViewConroller+Ext.swift */,
			);
			path = Extensions;
			sourceTree = "<group>";
		};
		7C4B08D42B152C7E00C00BD6 /* DetailPresenter */ = {
			isa = PBXGroup;
			children = (
				7C4B08D52B152C9A00C00BD6 /* DetailPresenter.swift */,
			);
			path = DetailPresenter;
			sourceTree = "<group>";
		};
		7C4B08E52B1A119B00C00BD6 /* Factory */ = {
			isa = PBXGroup;
			children = (
				7C4B08D92B17E4D100C00BD6 /* DependencyFactory.swift */,
			);
			path = Factory;
			sourceTree = "<group>";
		};
		7C4B08E62B1A11B400C00BD6 /* Coordinator */ = {
			isa = PBXGroup;
			children = (
				7C4B08DD2B17E72800C00BD6 /* RootCoordinator.swift */,
				7C4B08DF2B17E78B00C00BD6 /* ProjectCoordinator.swift */,
				7C4B08DB2B17E6D200C00BD6 /* AbstractCoordinator.swift */,
			);
			path = Coordinator;
			sourceTree = "<group>";
		};
/* End PBXGroup section */

/* Begin PBXNativeTarget section */
		7C4B08A22B13A74B00C00BD6 /* TableViewCoreDataMVP */ = {
			isa = PBXNativeTarget;
			buildConfigurationList = 7C4B08BA2B13A74C00C00BD6 /* Build configuration list for PBXNativeTarget "TableViewCoreDataMVP" */;
			buildPhases = (
				7C4B089F2B13A74B00C00BD6 /* Sources */,
				7C4B08A02B13A74B00C00BD6 /* Frameworks */,
				7C4B08A12B13A74B00C00BD6 /* Resources */,
			);
			buildRules = (
			);
			dependencies = (
			);
			name = TableViewCoreDataMVP;
			productName = TableViewCoreDataMVP;
			productReference = 7C4B08A32B13A74B00C00BD6 /* TableViewCoreDataMVP.app */;
			productType = "com.apple.product-type.application";
		};
/* End PBXNativeTarget section */

/* Begin PBXProject section */
		7C4B089B2B13A74B00C00BD6 /* Project object */ = {
			isa = PBXProject;
			attributes = {
				BuildIndependentTargetsInParallel = 1;
				LastSwiftUpdateCheck = 1420;
				LastUpgradeCheck = 1420;
				TargetAttributes = {
					7C4B08A22B13A74B00C00BD6 = {
						CreatedOnToolsVersion = 14.2;
					};
				};
			};
			buildConfigurationList = 7C4B089E2B13A74B00C00BD6 /* Build configuration list for PBXProject "TableViewCoreDataMVP" */;
			compatibilityVersion = "Xcode 14.0";
			developmentRegion = en;
			hasScannedForEncodings = 0;
			knownRegions = (
				en,
				Base,
			);
			mainGroup = 7C4B089A2B13A74B00C00BD6;
			productRefGroup = 7C4B08A42B13A74B00C00BD6 /* Products */;
			projectDirPath = "";
			projectRoot = "";
			targets = (
				7C4B08A22B13A74B00C00BD6 /* TableViewCoreDataMVP */,
			);
		};
/* End PBXProject section */

/* Begin PBXResourcesBuildPhase section */
		7C4B08A12B13A74B00C00BD6 /* Resources */ = {
			isa = PBXResourcesBuildPhase;
			buildActionMask = 2147483647;
			files = (
				7C4B08B62B13A74C00C00BD6 /* LaunchScreen.storyboard in Resources */,
				7C4B08B32B13A74C00C00BD6 /* Assets.xcassets in Resources */,
			);
			runOnlyForDeploymentPostprocessing = 0;
		};
/* End PBXResourcesBuildPhase section */

/* Begin PBXSourcesBuildPhase section */
		7C4B089F2B13A74B00C00BD6 /* Sources */ = {
			isa = PBXSourcesBuildPhase;
			buildActionMask = 2147483647;
			files = (
				7C4B08DA2B17E4D100C00BD6 /* DependencyFactory.swift in Sources */,
				7C4B08C72B13A9BE00C00BD6 /* CoreDataManager.swift in Sources */,
				7C4B08D32B152AFA00C00BD6 /* UIViewConroller+Ext.swift in Sources */,
				7C4B08D62B152C9A00C00BD6 /* DetailPresenter.swift in Sources */,
				7C4B08AB2B13A74B00C00BD6 /* ViewController.swift in Sources */,
				7C4B08A72B13A74B00C00BD6 /* AppDelegate.swift in Sources */,
				7C4B08D82B1772A000C00BD6 /* SceneDelegate.swift in Sources */,
				7C4B08CE2B13B52200C00BD6 /* DetailViewController.swift in Sources */,
				7C4B08E02B17E78B00C00BD6 /* ProjectCoordinator.swift in Sources */,
				7C4B08DC2B17E6D200C00BD6 /* AbstractCoordinator.swift in Sources */,
				7C4B08E22B17E8F400C00BD6 /* MainPresenter.swift in Sources */,
				7C4B08B12B13A74B00C00BD6 /* TableViewCoreDataMVP.xcdatamodeld in Sources */,
				7C4B08DE2B17E72800C00BD6 /* RootCoordinator.swift in Sources */,
				7C4B08D12B152AC600C00BD6 /* TextField+Ext.swift in Sources */,
			);
			runOnlyForDeploymentPostprocessing = 0;
		};
/* End PBXSourcesBuildPhase section */

/* Begin PBXVariantGroup section */
		7C4B08B42B13A74C00C00BD6 /* LaunchScreen.storyboard */ = {
			isa = PBXVariantGroup;
			children = (
				7C4B08B52B13A74C00C00BD6 /* Base */,
			);
			name = LaunchScreen.storyboard;
			sourceTree = "<group>";
		};
/* End PBXVariantGroup section */

/* Begin XCBuildConfiguration section */
		7C4B08B82B13A74C00C00BD6 /* Debug */ = {
			isa = XCBuildConfiguration;
			buildSettings = {
				ALWAYS_SEARCH_USER_PATHS = NO;
				CLANG_ANALYZER_NONNULL = YES;
				CLANG_ANALYZER_NUMBER_OBJECT_CONVERSION = YES_AGGRESSIVE;
				CLANG_CXX_LANGUAGE_STANDARD = "gnu++20";
				CLANG_ENABLE_MODULES = YES;
				CLANG_ENABLE_OBJC_ARC = YES;
				CLANG_ENABLE_OBJC_WEAK = YES;
				CLANG_WARN_BLOCK_CAPTURE_AUTORELEASING = YES;
				CLANG_WARN_BOOL_CONVERSION = YES;
				CLANG_WARN_COMMA = YES;
				CLANG_WARN_CONSTANT_CONVERSION = YES;
				CLANG_WARN_DEPRECATED_OBJC_IMPLEMENTATIONS = YES;
				CLANG_WARN_DIRECT_OBJC_ISA_USAGE = YES_ERROR;
				CLANG_WARN_DOCUMENTATION_COMMENTS = YES;
				CLANG_WARN_EMPTY_BODY = YES;
				CLANG_WARN_ENUM_CONVERSION = YES;
				CLANG_WARN_INFINITE_RECURSION = YES;
				CLANG_WARN_INT_CONVERSION = YES;
				CLANG_WARN_NON_LITERAL_NULL_CONVERSION = YES;
				CLANG_WARN_OBJC_IMPLICIT_RETAIN_SELF = YES;
				CLANG_WARN_OBJC_LITERAL_CONVERSION = YES;
				CLANG_WARN_OBJC_ROOT_CLASS = YES_ERROR;
				CLANG_WARN_QUOTED_INCLUDE_IN_FRAMEWORK_HEADER = YES;
				CLANG_WARN_RANGE_LOOP_ANALYSIS = YES;
				CLANG_WARN_STRICT_PROTOTYPES = YES;
				CLANG_WARN_SUSPICIOUS_MOVE = YES;
				CLANG_WARN_UNGUARDED_AVAILABILITY = YES_AGGRESSIVE;
				CLANG_WARN_UNREACHABLE_CODE = YES;
				CLANG_WARN__DUPLICATE_METHOD_MATCH = YES;
				COPY_PHASE_STRIP = NO;
				DEBUG_INFORMATION_FORMAT = dwarf;
				ENABLE_STRICT_OBJC_MSGSEND = YES;
				ENABLE_TESTABILITY = YES;
				GCC_C_LANGUAGE_STANDARD = gnu11;
				GCC_DYNAMIC_NO_PIC = NO;
				GCC_NO_COMMON_BLOCKS = YES;
				GCC_OPTIMIZATION_LEVEL = 0;
				GCC_PREPROCESSOR_DEFINITIONS = (
					"DEBUG=1",
					"$(inherited)",
				);
				GCC_WARN_64_TO_32_BIT_CONVERSION = YES;
				GCC_WARN_ABOUT_RETURN_TYPE = YES_ERROR;
				GCC_WARN_UNDECLARED_SELECTOR = YES;
				GCC_WARN_UNINITIALIZED_AUTOS = YES_AGGRESSIVE;
				GCC_WARN_UNUSED_FUNCTION = YES;
				GCC_WARN_UNUSED_VARIABLE = YES;
				IPHONEOS_DEPLOYMENT_TARGET = 16.2;
				MTL_ENABLE_DEBUG_INFO = INCLUDE_SOURCE;
				MTL_FAST_MATH = YES;
				ONLY_ACTIVE_ARCH = YES;
				SDKROOT = iphoneos;
				SWIFT_ACTIVE_COMPILATION_CONDITIONS = DEBUG;
				SWIFT_OPTIMIZATION_LEVEL = "-Onone";
			};
			name = Debug;
		};
		7C4B08B92B13A74C00C00BD6 /* Release */ = {
			isa = XCBuildConfiguration;
			buildSettings = {
				ALWAYS_SEARCH_USER_PATHS = NO;
				CLANG_ANALYZER_NONNULL = YES;
				CLANG_ANALYZER_NUMBER_OBJECT_CONVERSION = YES_AGGRESSIVE;
				CLANG_CXX_LANGUAGE_STANDARD = "gnu++20";
				CLANG_ENABLE_MODULES = YES;
				CLANG_ENABLE_OBJC_ARC = YES;
				CLANG_ENABLE_OBJC_WEAK = YES;
				CLANG_WARN_BLOCK_CAPTURE_AUTORELEASING = YES;
				CLANG_WARN_BOOL_CONVERSION = YES;
				CLANG_WARN_COMMA = YES;
				CLANG_WARN_CONSTANT_CONVERSION = YES;
				CLANG_WARN_DEPRECATED_OBJC_IMPLEMENTATIONS = YES;
				CLANG_WARN_DIRECT_OBJC_ISA_USAGE = YES_ERROR;
				CLANG_WARN_DOCUMENTATION_COMMENTS = YES;
				CLANG_WARN_EMPTY_BODY = YES;
				CLANG_WARN_ENUM_CONVERSION = YES;
				CLANG_WARN_INFINITE_RECURSION = YES;
				CLANG_WARN_INT_CONVERSION = YES;
				CLANG_WARN_NON_LITERAL_NULL_CONVERSION = YES;
				CLANG_WARN_OBJC_IMPLICIT_RETAIN_SELF = YES;
				CLANG_WARN_OBJC_LITERAL_CONVERSION = YES;
				CLANG_WARN_OBJC_ROOT_CLASS = YES_ERROR;
				CLANG_WARN_QUOTED_INCLUDE_IN_FRAMEWORK_HEADER = YES;
				CLANG_WARN_RANGE_LOOP_ANALYSIS = YES;
				CLANG_WARN_STRICT_PROTOTYPES = YES;
				CLANG_WARN_SUSPICIOUS_MOVE = YES;
				CLANG_WARN_UNGUARDED_AVAILABILITY = YES_AGGRESSIVE;
				CLANG_WARN_UNREACHABLE_CODE = YES;
				CLANG_WARN__DUPLICATE_METHOD_MATCH = YES;
				COPY_PHASE_STRIP = NO;
				DEBUG_INFORMATION_FORMAT = "dwarf-with-dsym";
				ENABLE_NS_ASSERTIONS = NO;
				ENABLE_STRICT_OBJC_MSGSEND = YES;
				GCC_C_LANGUAGE_STANDARD = gnu11;
				GCC_NO_COMMON_BLOCKS = YES;
				GCC_WARN_64_TO_32_BIT_CONVERSION = YES;
				GCC_WARN_ABOUT_RETURN_TYPE = YES_ERROR;
				GCC_WARN_UNDECLARED_SELECTOR = YES;
				GCC_WARN_UNINITIALIZED_AUTOS = YES_AGGRESSIVE;
				GCC_WARN_UNUSED_FUNCTION = YES;
				GCC_WARN_UNUSED_VARIABLE = YES;
				IPHONEOS_DEPLOYMENT_TARGET = 16.2;
				MTL_ENABLE_DEBUG_INFO = NO;
				MTL_FAST_MATH = YES;
				SDKROOT = iphoneos;
				SWIFT_COMPILATION_MODE = wholemodule;
				SWIFT_OPTIMIZATION_LEVEL = "-O";
				VALIDATE_PRODUCT = YES;
			};
			name = Release;
		};
		7C4B08BB2B13A74C00C00BD6 /* Debug */ = {
			isa = XCBuildConfiguration;
			buildSettings = {
				ASSETCATALOG_COMPILER_APPICON_NAME = AppIcon;
				ASSETCATALOG_COMPILER_GLOBAL_ACCENT_COLOR_NAME = AccentColor;
				CODE_SIGN_STYLE = Automatic;
				CURRENT_PROJECT_VERSION = 1;
				DEVELOPMENT_TEAM = HH9D8WXQ67;
				GENERATE_INFOPLIST_FILE = YES;
				INFOPLIST_FILE = TableViewCoreDataMVP/Resources/Info.plist;
				INFOPLIST_KEY_UIApplicationSupportsIndirectInputEvents = YES;
				INFOPLIST_KEY_UILaunchStoryboardName = LaunchScreen;
				INFOPLIST_KEY_UISupportedInterfaceOrientations = UIInterfaceOrientationPortrait;
				INFOPLIST_KEY_UISupportedInterfaceOrientations_iPad = "UIInterfaceOrientationLandscapeLeft UIInterfaceOrientationLandscapeRight UIInterfaceOrientationPortrait UIInterfaceOrientationPortraitUpsideDown";
				LD_RUNPATH_SEARCH_PATHS = (
					"$(inherited)",
					"@executable_path/Frameworks",
				);
				MARKETING_VERSION = 1.0;
				PRODUCT_BUNDLE_IDENTIFIER = ru.sonyigorevna.TableViewCoreDataMVP;
				PRODUCT_NAME = "$(TARGET_NAME)";
				SUPPORTED_PLATFORMS = "iphoneos iphonesimulator";
				SUPPORTS_MACCATALYST = NO;
				SUPPORTS_MAC_DESIGNED_FOR_IPHONE_IPAD = NO;
				SWIFT_EMIT_LOC_STRINGS = YES;
				SWIFT_VERSION = 5.0;
				TARGETED_DEVICE_FAMILY = 1;
			};
			name = Debug;
		};
		7C4B08BC2B13A74C00C00BD6 /* Release */ = {
			isa = XCBuildConfiguration;
			buildSettings = {
				ASSETCATALOG_COMPILER_APPICON_NAME = AppIcon;
				ASSETCATALOG_COMPILER_GLOBAL_ACCENT_COLOR_NAME = AccentColor;
				CODE_SIGN_STYLE = Automatic;
				CURRENT_PROJECT_VERSION = 1;
				DEVELOPMENT_TEAM = HH9D8WXQ67;
				GENERATE_INFOPLIST_FILE = YES;
				INFOPLIST_FILE = TableViewCoreDataMVP/Resources/Info.plist;
				INFOPLIST_KEY_UIApplicationSupportsIndirectInputEvents = YES;
				INFOPLIST_KEY_UILaunchStoryboardName = LaunchScreen;
				INFOPLIST_KEY_UISupportedInterfaceOrientations = UIInterfaceOrientationPortrait;
				INFOPLIST_KEY_UISupportedInterfaceOrientations_iPad = "UIInterfaceOrientationLandscapeLeft UIInterfaceOrientationLandscapeRight UIInterfaceOrientationPortrait UIInterfaceOrientationPortraitUpsideDown";
				LD_RUNPATH_SEARCH_PATHS = (
					"$(inherited)",
					"@executable_path/Frameworks",
				);
				MARKETING_VERSION = 1.0;
				PRODUCT_BUNDLE_IDENTIFIER = ru.sonyigorevna.TableViewCoreDataMVP;
				PRODUCT_NAME = "$(TARGET_NAME)";
				SUPPORTED_PLATFORMS = "iphoneos iphonesimulator";
				SUPPORTS_MACCATALYST = NO;
				SUPPORTS_MAC_DESIGNED_FOR_IPHONE_IPAD = NO;
				SWIFT_EMIT_LOC_STRINGS = YES;
				SWIFT_VERSION = 5.0;
				TARGETED_DEVICE_FAMILY = 1;
			};
			name = Release;
		};
/* End XCBuildConfiguration section */

/* Begin XCConfigurationList section */
		7C4B089E2B13A74B00C00BD6 /* Build configuration list for PBXProject "TableViewCoreDataMVP" */ = {
			isa = XCConfigurationList;
			buildConfigurations = (
				7C4B08B82B13A74C00C00BD6 /* Debug */,
				7C4B08B92B13A74C00C00BD6 /* Release */,
			);
			defaultConfigurationIsVisible = 0;
			defaultConfigurationName = Release;
		};
		7C4B08BA2B13A74C00C00BD6 /* Build configuration list for PBXNativeTarget "TableViewCoreDataMVP" */ = {
			isa = XCConfigurationList;
			buildConfigurations = (
				7C4B08BB2B13A74C00C00BD6 /* Debug */,
				7C4B08BC2B13A74C00C00BD6 /* Release */,
			);
			defaultConfigurationIsVisible = 0;
			defaultConfigurationName = Release;
		};
/* End XCConfigurationList section */

/* Begin XCVersionGroup section */
		7C4B08AF2B13A74B00C00BD6 /* TableViewCoreDataMVP.xcdatamodeld */ = {
			isa = XCVersionGroup;
			children = (
				7C4B08B02B13A74B00C00BD6 /* TableViewCoreDataMVP.xcdatamodel */,
			);
			currentVersion = 7C4B08B02B13A74B00C00BD6 /* TableViewCoreDataMVP.xcdatamodel */;
			path = TableViewCoreDataMVP.xcdatamodeld;
			sourceTree = "<group>";
			versionGroupType = wrapper.xcdatamodel;
		};
/* End XCVersionGroup section */
	};
	rootObject = 7C4B089B2B13A74B00C00BD6 /* Project object */;
}
